
Microsoft Visual Studio Solution File, Format Version 12.00
# Visual Studio Version 16
VisualStudioVersion = 16.0.30002.166
MinimumVisualStudioVersion = 10.0.40219.1
Project("{FAE04EC0-301F-11D3-BF4B-00C04F79EFBC}") = "CultureChanger", "CultureChanger.csproj", "{D581E630-BC26-47A4-99CA-D8900DFDA0EA}"
EndProject
Project("{2150E333-8FDC-42A3-9474-1A3956D46DE8}") = "Solution Items", "Solution Items", "{8C5CE527-396C-4403-B2F8-29F34B38F79C}"
	ProjectSection(SolutionItems) = preProject
		GUI\Prefabs\CultureChangerScreen.xml = GUI\Prefabs\CultureChangerScreen.xml
		SubModule.xml = SubModule.xml
	EndProjectSection
EndProject
Global
	GlobalSection(SolutionConfigurationPlatforms) = preSolution
		Debug|Any CPU = Debug|Any CPU
		Release|Any CPU = Release|Any CPU
	EndGlobalSection
	GlobalSection(ProjectConfigurationPlatforms) = postSolution
		{D581E630-BC26-47A4-99CA-D8900DFDA0EA}.Debug|Any CPU.ActiveCfg = Debug|Any CPU
		{D581E630-BC26-47A4-99CA-D8900DFDA0EA}.Debug|Any CPU.Build.0 = Debug|Any CPU
		{D581E630-BC26-47A4-99CA-D8900DFDA0EA}.Release|Any CPU.ActiveCfg = Release|Any CPU
		{D581E630-BC26-47A4-99CA-D8900DFDA0EA}.Release|Any CPU.Build.0 = Release|Any CPU
	EndGlobalSection
	GlobalSection(SolutionProperties) = preSolution
		HideSolutionNode = FALSE
	EndGlobalSection
	GlobalSection(ExtensibilityGlobals) = postSolution
		SolutionGuid = {86760B5C-40B6-4214-BD65-07F331E683B2}
	EndGlobalSection
EndGlobal
